
Microsoft Visual Studio Solution File, Format Version 12.00
# Visual Studio Version 16
VisualStudioVersion = 16.0.33130.400
MinimumVisualStudioVersion = 10.0.40219.1
Project("{8BC9CEB8-8B4A-11D0-8D11-00A0C91BC942}") = "PE_infect_T1", "PE_infect_T1.vcxproj", "{439059E2-A822-47DA-A6F4-2193FBAFE7AA}"
EndProject
Global
	GlobalSection(SolutionConfigurationPlatforms) = preSolution
		Debug|x64 = Debug|x64
		Debug|x86 = Debug|x86
		Release|x64 = Release|x64
		Release|x86 = Release|x86
	EndGlobalSection
	GlobalSection(ProjectConfigurationPlatforms) = postSolution
		{439059E2-A822-47DA-A6F4-2193FBAFE7AA}.Debug|x64.ActiveCfg = Debug|x64
		{439059E2-A822-47DA-A6F4-2193FBAFE7AA}.Debug|x64.Build.0 = Debug|x64
		{439059E2-A822-47DA-A6F4-2193FBAFE7AA}.Debug|x86.ActiveCfg = Debug|Win32
		{439059E2-A822-47DA-A6F4-2193FBAFE7AA}.Debug|x86.Build.0 = Debug|Win32
		{439059E2-A822-47DA-A6F4-2193FBAFE7AA}.Release|x64.ActiveCfg = Release|x64
		{439059E2-A822-47DA-A6F4-2193FBAFE7AA}.Release|x64.Build.0 = Release|x64
		{439059E2-A822-47DA-A6F4-2193FBAFE7AA}.Release|x86.ActiveCfg = Release|Win32
		{439059E2-A822-47DA-A6F4-2193FBAFE7AA}.Release|x86.Build.0 = Release|Win32
	EndGlobalSection
	GlobalSection(SolutionProperties) = preSolution
		HideSolutionNode = FALSE
	EndGlobalSection
	GlobalSection(ExtensibilityGlobals) = postSolution
		SolutionGuid = {C5269D27-0E48-4D7C-BF24-AB06996BB071}
	EndGlobalSection
EndGlobal
